// !$*UTF8*$!
{
	archiveVersion = 1;
	classes = {
	};
	objectVersion = 77;
	objects = {

/* Begin PBXBuildFile section */
		2BA3A46DFB9E21A2B884154A /* LibraryView.swift in Sources */ = {isa = PBXBuildFile; fileRef = 4F7D1420769576644E7CA5F8 /* LibraryView.swift */; };
		35355C026AFC9E23B2435836 /* GameCardView.swift in Sources */ = {isa = PBXBuildFile; fileRef = D5A728E93965E3FFC064827E /* GameCardView.swift */; };
		481332692C32C30135915620 /* GameDetectorTests.swift in Sources */ = {isa = PBXBuildFile; fileRef = 24476808D1DC7F6FC2B9D3C0 /* GameDetectorTests.swift */; };
		4B6F3E0E5A442FAB6C6BF9D1 /* ImportProgressView.swift in Sources */ = {isa = PBXBuildFile; fileRef = 213115189D4ACE826E77A55C /* ImportProgressView.swift */; };
		66F2DEF8141D205163FA6462 /* LibraryStore.swift in Sources */ = {isa = PBXBuildFile; fileRef = AA99FAF51C55F27BCBA7248A /* LibraryStore.swift */; };
		8B491BD696AF6A9ED51CB3D8 /* GameDetector.swift in Sources */ = {isa = PBXBuildFile; fileRef = A38582216A90FEA658BB41A4 /* GameDetector.swift */; };
		9D696453886F52C5C69E1DD2 /* RPGPlayerApp.swift in Sources */ = {isa = PBXBuildFile; fileRef = 62EB08EA5D9EFB69C395AB9D /* RPGPlayerApp.swift */; };
		B5DD4EFAB9A71AB5E74FABF1 /* GameEntry.swift in Sources */ = {isa = PBXBuildFile; fileRef = 276D46B8C497F657B1D9B3DC /* GameEntry.swift */; };
		CE8E987972EE8D53C9DA43C2 /* ZIPFoundation in Frameworks */ = {isa = PBXBuildFile; productRef = E55FE7DE1C9639D43DF523B9 /* ZIPFoundation */; };
		EA426835BB365DAAA6526353 /* StorageManager.swift in Sources */ = {isa = PBXBuildFile; fileRef = A9EA70975675433D28778521 /* StorageManager.swift */; };
		F0255C05A8A7C65B3EE42819 /* ZipImporter.swift in Sources */ = {isa = PBXBuildFile; fileRef = 054F6D6EB5B6C28ABAAB211E /* ZipImporter.swift */; };
/* End PBXBuildFile section */

/* Begin PBXContainerItemProxy section */
		688769F4A6B238653C128E83 /* PBXContainerItemProxy */ = {
			isa = PBXContainerItemProxy;
			containerPortal = DF9332BB4FC662A094F7E8AA /* Project object */;
			proxyType = 1;
			remoteGlobalIDString = A4B9696546F995D716E57D7E;
			remoteInfo = RPGPlayer;
		};
/* End PBXContainerItemProxy section */

/* Begin PBXFileReference section */
		054F6D6EB5B6C28ABAAB211E /* ZipImporter.swift */ = {isa = PBXFileReference; lastKnownFileType = sourcecode.swift; path = ZipImporter.swift; sourceTree = "<group>"; };
		213115189D4ACE826E77A55C /* ImportProgressView.swift */ = {isa = PBXFileReference; lastKnownFileType = sourcecode.swift; path = ImportProgressView.swift; sourceTree = "<group>"; };
		24476808D1DC7F6FC2B9D3C0 /* GameDetectorTests.swift */ = {isa = PBXFileReference; lastKnownFileType = sourcecode.swift; path = GameDetectorTests.swift; sourceTree = "<group>"; };
		276D46B8C497F657B1D9B3DC /* GameEntry.swift */ = {isa = PBXFileReference; lastKnownFileType = sourcecode.swift; path = GameEntry.swift; sourceTree = "<group>"; };
		4DC7517540B01F7BF0EEAA2B /* RPGPlayer.app */ = {isa = PBXFileReference; includeInIndex = 0; lastKnownFileType = wrapper.application; path = RPGPlayer.app; sourceTree = BUILT_PRODUCTS_DIR; };
		4F7D1420769576644E7CA5F8 /* LibraryView.swift */ = {isa = PBXFileReference; lastKnownFileType = sourcecode.swift; path = LibraryView.swift; sourceTree = "<group>"; };
		62EB08EA5D9EFB69C395AB9D /* RPGPlayerApp.swift */ = {isa = PBXFileReference; lastKnownFileType = sourcecode.swift; path = RPGPlayerApp.swift; sourceTree = "<group>"; };
		86BCE6F9CCAF83525057AF14 /* Info.plist */ = {isa = PBXFileReference; lastKnownFileType = text.plist; path = Info.plist; sourceTree = "<group>"; };
		A38582216A90FEA658BB41A4 /* GameDetector.swift */ = {isa = PBXFileReference; lastKnownFileType = sourcecode.swift; path = GameDetector.swift; sourceTree = "<group>"; };
		A9EA70975675433D28778521 /* StorageManager.swift */ = {isa = PBXFileReference; lastKnownFileType = sourcecode.swift; path = StorageManager.swift; sourceTree = "<group>"; };
		AA99FAF51C55F27BCBA7248A /* LibraryStore.swift */ = {isa = PBXFileReference; lastKnownFileType = sourcecode.swift; path = LibraryStore.swift; sourceTree = "<group>"; };
		D5A728E93965E3FFC064827E /* GameCardView.swift */ = {isa = PBXFileReference; lastKnownFileType = sourcecode.swift; path = GameCardView.swift; sourceTree = "<group>"; };
		E159659471C542379B56CFDC /* RPGPlayerTests.xctest */ = {isa = PBXFileReference; includeInIndex = 0; lastKnownFileType = wrapper.cfbundle; path = RPGPlayerTests.xctest; sourceTree = BUILT_PRODUCTS_DIR; };
		F2C5B11D2B575B4C168CB9B3 /* .gitkeep */ = {isa = PBXFileReference; path = .gitkeep; sourceTree = "<group>"; };
/* End PBXFileReference section */

/* Begin PBXFrameworksBuildPhase section */
		D47FC503DF4BC52D8F0612D3 /* Frameworks */ = {
			isa = PBXFrameworksBuildPhase;
			buildActionMask = 2147483647;
			files = (
				CE8E987972EE8D53C9DA43C2 /* ZIPFoundation in Frameworks */,
			);
			runOnlyForDeploymentPostprocessing = 0;
		};
/* End PBXFrameworksBuildPhase section */

/* Begin PBXGroup section */
		6479BEC1D7F22D07F0598809 /* Core */ = {
			isa = PBXGroup;
			children = (
				E5BD56155313CC13378FE26E /* Library */,
				8F064BEA607057791D730C68 /* Storage */,
			);
			path = Core;
			sourceTree = "<group>";
		};
		6C59AD41EEF85B4CE4056F93 /* RPGPlayer */ = {
			isa = PBXGroup;
			children = (
				6E0F3E49AA4E27C3E809DE84 /* App */,
				6479BEC1D7F22D07F0598809 /* Core */,
				E8F0910F4F9F4B9D45A16C28 /* Resources */,
				D4B86065C7741FBD131B48DC /* UI */,
				86BCE6F9CCAF83525057AF14 /* Info.plist */,
			);
			path = RPGPlayer;
			sourceTree = "<group>";
		};
		6E0F3E49AA4E27C3E809DE84 /* App */ = {
			isa = PBXGroup;
			children = (
				62EB08EA5D9EFB69C395AB9D /* RPGPlayerApp.swift */,
			);
			path = App;
			sourceTree = "<group>";
		};
		70CF175FFDFAF771EE7E3983 /* RPGPlayerTests */ = {
			isa = PBXGroup;
			children = (
				24476808D1DC7F6FC2B9D3C0 /* GameDetectorTests.swift */,
			);
			path = RPGPlayerTests;
			sourceTree = "<group>";
		};
		8F064BEA607057791D730C68 /* Storage */ = {
			isa = PBXGroup;
			children = (
				A9EA70975675433D28778521 /* StorageManager.swift */,
			);
			path = Storage;
			sourceTree = "<group>";
		};
		8FFC62FFF2656D60F8810B10 /* Products */ = {
			isa = PBXGroup;
			children = (
				4DC7517540B01F7BF0EEAA2B /* RPGPlayer.app */,
				E159659471C542379B56CFDC /* RPGPlayerTests.xctest */,
			);
			name = Products;
			sourceTree = "<group>";
		};
		D4B86065C7741FBD131B48DC /* UI */ = {
			isa = PBXGroup;
			children = (
				F3C4886D7D7C3EDE3D924A06 /* Library */,
			);
			path = UI;
			sourceTree = "<group>";
		};
		E5BD56155313CC13378FE26E /* Library */ = {
			isa = PBXGroup;
			children = (
				A38582216A90FEA658BB41A4 /* GameDetector.swift */,
				276D46B8C497F657B1D9B3DC /* GameEntry.swift */,
				AA99FAF51C55F27BCBA7248A /* LibraryStore.swift */,
				054F6D6EB5B6C28ABAAB211E /* ZipImporter.swift */,
			);
			path = Library;
			sourceTree = "<group>";
		};
		E8F0910F4F9F4B9D45A16C28 /* Resources */ = {
			isa = PBXGroup;
			children = (
				F2C5B11D2B575B4C168CB9B3 /* .gitkeep */,
			);
			path = Resources;
			sourceTree = "<group>";
		};
		F3C4886D7D7C3EDE3D924A06 /* Library */ = {
			isa = PBXGroup;
			children = (
				D5A728E93965E3FFC064827E /* GameCardView.swift */,
				213115189D4ACE826E77A55C /* ImportProgressView.swift */,
				4F7D1420769576644E7CA5F8 /* LibraryView.swift */,
			);
			path = Library;
			sourceTree = "<group>";
		};
		FC8170799F85E2E12647F2AE = {
			isa = PBXGroup;
			children = (
				6C59AD41EEF85B4CE4056F93 /* RPGPlayer */,
				70CF175FFDFAF771EE7E3983 /* RPGPlayerTests */,
				8FFC62FFF2656D60F8810B10 /* Products */,
			);
			sourceTree = "<group>";
		};
/* End PBXGroup section */

/* Begin PBXNativeTarget section */
		7393B052C8C5BFD63CD9F9CA /* RPGPlayerTests */ = {
			isa = PBXNativeTarget;
			buildConfigurationList = 5EF9E8DC9849A8186CC43125 /* Build configuration list for PBXNativeTarget "RPGPlayerTests" */;
			buildPhases = (
				6DF948CC967B4C9BA45D45E5 /* Sources */,
			);
			buildRules = (
			);
			dependencies = (
				BD68CDC6113851E26B719173 /* PBXTargetDependency */,
			);
			name = RPGPlayerTests;
			packageProductDependencies = (
			);
			productName = RPGPlayerTests;
			productReference = E159659471C542379B56CFDC /* RPGPlayerTests.xctest */;
			productType = "com.apple.product-type.bundle.unit-test";
		};
		A4B9696546F995D716E57D7E /* RPGPlayer */ = {
			isa = PBXNativeTarget;
			buildConfigurationList = 2017D77711B80A0284210D41 /* Build configuration list for PBXNativeTarget "RPGPlayer" */;
			buildPhases = (
				23219F848F2BADD561927706 /* Sources */,
				D47FC503DF4BC52D8F0612D3 /* Frameworks */,
			);
			buildRules = (
			);
			dependencies = (
			);
			name = RPGPlayer;
			packageProductDependencies = (
				E55FE7DE1C9639D43DF523B9 /* ZIPFoundation */,
			);
			productName = RPGPlayer;
			productReference = 4DC7517540B01F7BF0EEAA2B /* RPGPlayer.app */;
			productType = "com.apple.product-type.application";
		};
/* End PBXNativeTarget section */

/* Begin PBXProject section */
		DF9332BB4FC662A094F7E8AA /* Project object */ = {
			isa = PBXProject;
			attributes = {
				BuildIndependentTargetsInParallel = YES;
				LastUpgradeCheck = 1500;
				TargetAttributes = {
				};
			};
			buildConfigurationList = B4C15C0F111BF548286475D2 /* Build configuration list for PBXProject "RPGPlayer" */;
			developmentRegion = en;
			hasScannedForEncodings = 0;
			knownRegions = (
				Base,
				en,
			);
			mainGroup = FC8170799F85E2E12647F2AE;
			minimizedProjectReferenceProxies = 1;
			packageReferences = (
				4B3315BED077A4B28A09AD33 /* XCRemoteSwiftPackageReference "ZIPFoundation" */,
			);
			preferredProjectObjectVersion = 77;
			productRefGroup = 8FFC62FFF2656D60F8810B10 /* Products */;
			projectDirPath = "";
			projectRoot = "";
			targets = (
				A4B9696546F995D716E57D7E /* RPGPlayer */,
				7393B052C8C5BFD63CD9F9CA /* RPGPlayerTests */,
			);
		};
/* End PBXProject section */

/* Begin PBXSourcesBuildPhase section */
		23219F848F2BADD561927706 /* Sources */ = {
			isa = PBXSourcesBuildPhase;
			buildActionMask = 2147483647;
			files = (
				35355C026AFC9E23B2435836 /* GameCardView.swift in Sources */,
				8B491BD696AF6A9ED51CB3D8 /* GameDetector.swift in Sources */,
				B5DD4EFAB9A71AB5E74FABF1 /* GameEntry.swift in Sources */,
				4B6F3E0E5A442FAB6C6BF9D1 /* ImportProgressView.swift in Sources */,
				66F2DEF8141D205163FA6462 /* LibraryStore.swift in Sources */,
				2BA3A46DFB9E21A2B884154A /* LibraryView.swift in Sources */,
				9D696453886F52C5C69E1DD2 /* RPGPlayerApp.swift in Sources */,
				EA426835BB365DAAA6526353 /* StorageManager.swift in Sources */,
				F0255C05A8A7C65B3EE42819 /* ZipImporter.swift in Sources */,
			);
			runOnlyForDeploymentPostprocessing = 0;
		};
		6DF948CC967B4C9BA45D45E5 /* Sources */ = {
			isa = PBXSourcesBuildPhase;
			buildActionMask = 2147483647;
			files = (
				481332692C32C30135915620 /* GameDetectorTests.swift in Sources */,
			);
			runOnlyForDeploymentPostprocessing = 0;
		};
/* End PBXSourcesBuildPhase section */

/* Begin PBXTargetDependency section */
		BD68CDC6113851E26B719173 /* PBXTargetDependency */ = {
			isa = PBXTargetDependency;
			target = A4B9696546F995D716E57D7E /* RPGPlayer */;
			targetProxy = 688769F4A6B238653C128E83 /* PBXContainerItemProxy */;
		};
/* End PBXTargetDependency section */

/* Begin XCBuildConfiguration section */
		1C54F57EC381E9954D84198B /* Release */ = {
			isa = XCBuildConfiguration;
			buildSettings = {
				ALWAYS_SEARCH_USER_PATHS = NO;
				CLANG_ANALYZER_NONNULL = YES;
				CLANG_ANALYZER_NUMBER_OBJECT_CONVERSION = YES_AGGRESSIVE;
				CLANG_CXX_LANGUAGE_STANDARD = "gnu++14";
				CLANG_CXX_LIBRARY = "libc++";
				CLANG_ENABLE_MODULES = YES;
				CLANG_ENABLE_OBJC_ARC = YES;
				CLANG_ENABLE_OBJC_WEAK = YES;
				CLANG_WARN_BLOCK_CAPTURE_AUTORELEASING = YES;
				CLANG_WARN_BOOL_CONVERSION = YES;
				CLANG_WARN_COMMA = YES;
				CLANG_WARN_CONSTANT_CONVERSION = YES;
				CLANG_WARN_DEPRECATED_OBJC_IMPLEMENTATIONS = YES;
				CLANG_WARN_DIRECT_OBJC_ISA_USAGE = YES_ERROR;
				CLANG_WARN_DOCUMENTATION_COMMENTS = YES;
				CLANG_WARN_EMPTY_BODY = YES;
				CLANG_WARN_ENUM_CONVERSION = YES;
				CLANG_WARN_INFINITE_RECURSION = YES;
				CLANG_WARN_INT_CONVERSION = YES;
				CLANG_WARN_NON_LITERAL_NULL_CONVERSION = YES;
				CLANG_WARN_OBJC_IMPLICIT_RETAIN_SELF = YES;
				CLANG_WARN_OBJC_LITERAL_CONVERSION = YES;
				CLANG_WARN_OBJC_ROOT_CLASS = YES_ERROR;
				CLANG_WARN_QUOTED_INCLUDE_IN_FRAMEWORK_HEADER = YES;
				CLANG_WARN_RANGE_LOOP_ANALYSIS = YES;
				CLANG_WARN_STRICT_PROTOTYPES = YES;
				CLANG_WARN_SUSPICIOUS_MOVE = YES;
				CLANG_WARN_UNGUARDED_AVAILABILITY = YES_AGGRESSIVE;
				CLANG_WARN_UNREACHABLE_CODE = YES;
				CLANG_WARN__DUPLICATE_METHOD_MATCH = YES;
				COPY_PHASE_STRIP = NO;
				DEBUG_INFORMATION_FORMAT = "dwarf-with-dsym";
				ENABLE_NS_ASSERTIONS = NO;
				ENABLE_STRICT_OBJC_MSGSEND = YES;
				GCC_C_LANGUAGE_STANDARD = gnu11;
				GCC_NO_COMMON_BLOCKS = YES;
				GCC_WARN_64_TO_32_BIT_CONVERSION = YES;
				GCC_WARN_ABOUT_RETURN_TYPE = YES_ERROR;
				GCC_WARN_UNDECLARED_SELECTOR = YES;
				GCC_WARN_UNINITIALIZED_AUTOS = YES_AGGRESSIVE;
				GCC_WARN_UNUSED_FUNCTION = YES;
				GCC_WARN_UNUSED_VARIABLE = YES;
				IPHONEOS_DEPLOYMENT_TARGET = 17.0;
				MTL_ENABLE_DEBUG_INFO = NO;
				MTL_FAST_MATH = YES;
				PRODUCT_NAME = "$(TARGET_NAME)";
				SDKROOT = iphoneos;
				SWIFT_COMPILATION_MODE = wholemodule;
				SWIFT_OPTIMIZATION_LEVEL = "-O";
				SWIFT_VERSION = 5.0;
			};
			name = Release;
		};
		409B10D32842EED1D30D0728 /* Release */ = {
			isa = XCBuildConfiguration;
			buildSettings = {
				BUNDLE_LOADER = "$(TEST_HOST)";
				LD_RUNPATH_SEARCH_PATHS = (
					"$(inherited)",
					"@executable_path/Frameworks",
					"@loader_path/Frameworks",
				);
				PRODUCT_BUNDLE_IDENTIFIER = com.rpgplayer.tests;
				SDKROOT = iphoneos;
				SWIFT_VERSION = 5.9;
				TARGETED_DEVICE_FAMILY = "1,2";
				TEST_HOST = "$(BUILT_PRODUCTS_DIR)/RPGPlayer.app/RPGPlayer";
			};
			name = Release;
		};
		44BB9BF647E84CD5F64FE7F7 /* Debug */ = {
			isa = XCBuildConfiguration;
			buildSettings = {
				BUNDLE_LOADER = "$(TEST_HOST)";
				LD_RUNPATH_SEARCH_PATHS = (
					"$(inherited)",
					"@executable_path/Frameworks",
					"@loader_path/Frameworks",
				);
				PRODUCT_BUNDLE_IDENTIFIER = com.rpgplayer.tests;
				SDKROOT = iphoneos;
				SWIFT_VERSION = 5.9;
				TARGETED_DEVICE_FAMILY = "1,2";
				TEST_HOST = "$(BUILT_PRODUCTS_DIR)/RPGPlayer.app/RPGPlayer";
			};
			name = Debug;
		};
		7C8EFFFA92366A3A78131CEA /* Debug */ = {
			isa = XCBuildConfiguration;
			buildSettings = {
				ALWAYS_SEARCH_USER_PATHS = NO;
				CLANG_ANALYZER_NONNULL = YES;
				CLANG_ANALYZER_NUMBER_OBJECT_CONVERSION = YES_AGGRESSIVE;
				CLANG_CXX_LANGUAGE_STANDARD = "gnu++14";
				CLANG_CXX_LIBRARY = "libc++";
				CLANG_ENABLE_MODULES = YES;
				CLANG_ENABLE_OBJC_ARC = YES;
				CLANG_ENABLE_OBJC_WEAK = YES;
				CLANG_WARN_BLOCK_CAPTURE_AUTORELEASING = YES;
				CLANG_WARN_BOOL_CONVERSION = YES;
				CLANG_WARN_COMMA = YES;
				CLANG_WARN_CONSTANT_CONVERSION = YES;
				CLANG_WARN_DEPRECATED_OBJC_IMPLEMENTATIONS = YES;
				CLANG_WARN_DIRECT_OBJC_ISA_USAGE = YES_ERROR;
				CLANG_WARN_DOCUMENTATION_COMMENTS = YES;
				CLANG_WARN_EMPTY_BODY = YES;
				CLANG_WARN_ENUM_CONVERSION = YES;
				CLANG_WARN_INFINITE_RECURSION = YES;
				CLANG_WARN_INT_CONVERSION = YES;
				CLANG_WARN_NON_LITERAL_NULL_CONVERSION = YES;
				CLANG_WARN_OBJC_IMPLICIT_RETAIN_SELF = YES;
				CLANG_WARN_OBJC_LITERAL_CONVERSION = YES;
				CLANG_WARN_OBJC_ROOT_CLASS = YES_ERROR;
				CLANG_WARN_QUOTED_INCLUDE_IN_FRAMEWORK_HEADER = YES;
				CLANG_WARN_RANGE_LOOP_ANALYSIS = YES;
				CLANG_WARN_STRICT_PROTOTYPES = YES;
				CLANG_WARN_SUSPICIOUS_MOVE = YES;
				CLANG_WARN_UNGUARDED_AVAILABILITY = YES_AGGRESSIVE;
				CLANG_WARN_UNREACHABLE_CODE = YES;
				CLANG_WARN__DUPLICATE_METHOD_MATCH = YES;
				COPY_PHASE_STRIP = NO;
				DEBUG_INFORMATION_FORMAT = dwarf;
				ENABLE_STRICT_OBJC_MSGSEND = YES;
				ENABLE_TESTABILITY = YES;
				GCC_C_LANGUAGE_STANDARD = gnu11;
				GCC_DYNAMIC_NO_PIC = NO;
				GCC_NO_COMMON_BLOCKS = YES;
				GCC_OPTIMIZATION_LEVEL = 0;
				GCC_PREPROCESSOR_DEFINITIONS = (
					"$(inherited)",
					"DEBUG=1",
				);
				GCC_WARN_64_TO_32_BIT_CONVERSION = YES;
				GCC_WARN_ABOUT_RETURN_TYPE = YES_ERROR;
				GCC_WARN_UNDECLARED_SELECTOR = YES;
				GCC_WARN_UNINITIALIZED_AUTOS = YES_AGGRESSIVE;
				GCC_WARN_UNUSED_FUNCTION = YES;
				GCC_WARN_UNUSED_VARIABLE = YES;
				IPHONEOS_DEPLOYMENT_TARGET = 17.0;
				MTL_ENABLE_DEBUG_INFO = INCLUDE_SOURCE;
				MTL_FAST_MATH = YES;
				ONLY_ACTIVE_ARCH = YES;
				PRODUCT_NAME = "$(TARGET_NAME)";
				SDKROOT = iphoneos;
				SWIFT_ACTIVE_COMPILATION_CONDITIONS = DEBUG;
				SWIFT_OPTIMIZATION_LEVEL = "-Onone";
				SWIFT_VERSION = 5.0;
			};
			name = Debug;
		};
		C65C957FC0CEB30EA9E34420 /* Release */ = {
			isa = XCBuildConfiguration;
			buildSettings = {
				ASSETCATALOG_COMPILER_APPICON_NAME = AppIcon;
				CODE_SIGN_IDENTITY = "iPhone Developer";
				ENABLE_HARDENED_RUNTIME = YES;
				INFOPLIST_FILE = RPGPlayer/Info.plist;
				IPHONEOS_DEPLOYMENT_TARGET = 17.0;
				LD_RUNPATH_SEARCH_PATHS = (
					"$(inherited)",
					"@executable_path/Frameworks",
				);
				PRODUCT_BUNDLE_IDENTIFIER = com.rpgplayer.app;
				SDKROOT = iphoneos;
				SWIFT_STRICT_CONCURRENCY = complete;
				SWIFT_VERSION = 5.9;
				TARGETED_DEVICE_FAMILY = "1,2";
			};
			name = Release;
		};
		D8E3F239000912F4F753F051 /* Debug */ = {
			isa = XCBuildConfiguration;
			buildSettings = {
				ASSETCATALOG_COMPILER_APPICON_NAME = AppIcon;
				CODE_SIGN_IDENTITY = "iPhone Developer";
				ENABLE_HARDENED_RUNTIME = YES;
				INFOPLIST_FILE = RPGPlayer/Info.plist;
				IPHONEOS_DEPLOYMENT_TARGET = 17.0;
				LD_RUNPATH_SEARCH_PATHS = (
					"$(inherited)",
					"@executable_path/Frameworks",
				);
				PRODUCT_BUNDLE_IDENTIFIER = com.rpgplayer.app;
				SDKROOT = iphoneos;
				SWIFT_STRICT_CONCURRENCY = complete;
				SWIFT_VERSION = 5.9;
				TARGETED_DEVICE_FAMILY = "1,2";
			};
			name = Debug;
		};
/* End XCBuildConfiguration section */

/* Begin XCConfigurationList section */
		2017D77711B80A0284210D41 /* Build configuration list for PBXNativeTarget "RPGPlayer" */ = {
			isa = XCConfigurationList;
			buildConfigurations = (
				D8E3F239000912F4F753F051 /* Debug */,
				C65C957FC0CEB30EA9E34420 /* Release */,
			);
			defaultConfigurationIsVisible = 0;
			defaultConfigurationName = Debug;
		};
		5EF9E8DC9849A8186CC43125 /* Build configuration list for PBXNativeTarget "RPGPlayerTests" */ = {
			isa = XCConfigurationList;
			buildConfigurations = (
				44BB9BF647E84CD5F64FE7F7 /* Debug */,
				409B10D32842EED1D30D0728 /* Release */,
			);
			defaultConfigurationIsVisible = 0;
			defaultConfigurationName = Debug;
		};
		B4C15C0F111BF548286475D2 /* Build configuration list for PBXProject "RPGPlayer" */ = {
			isa = XCConfigurationList;
			buildConfigurations = (
				7C8EFFFA92366A3A78131CEA /* Debug */,
				1C54F57EC381E9954D84198B /* Release */,
			);
			defaultConfigurationIsVisible = 0;
			defaultConfigurationName = Debug;
		};
/* End XCConfigurationList section */

/* Begin XCRemoteSwiftPackageReference section */
		4B3315BED077A4B28A09AD33 /* XCRemoteSwiftPackageReference "ZIPFoundation" */ = {
			isa = XCRemoteSwiftPackageReference;
			repositoryURL = "https://github.com/weichsel/ZIPFoundation";
			requirement = {
				kind = upToNextMajorVersion;
				minimumVersion = 0.9.19;
			};
		};
/* End XCRemoteSwiftPackageReference section */

/* Begin XCSwiftPackageProductDependency section */
		E55FE7DE1C9639D43DF523B9 /* ZIPFoundation */ = {
			isa = XCSwiftPackageProductDependency;
			package = 4B3315BED077A4B28A09AD33 /* XCRemoteSwiftPackageReference "ZIPFoundation" */;
			productName = ZIPFoundation;
		};
/* End XCSwiftPackageProductDependency section */
	};
	rootObject = DF9332BB4FC662A094F7E8AA /* Project object */;
}
